
Microsoft Visual Studio Solution File, Format Version 12.00
# Visual Studio Version 16
VisualStudioVersion = 16.0.29503.13
MinimumVisualStudioVersion = 10.0.40219.1
Project("{FAE04EC0-301F-11D3-BF4B-00C04F79EFBC}") = "CapaEntidad", "..\CapaEntidad\CapaEntidad.csproj", "{6C3B1068-694B-4EFC-93BE-82496F782755}"
EndProject
Project("{FAE04EC0-301F-11D3-BF4B-00C04F79EFBC}") = "CapaLogicaNegocio", "..\CapaLogicaNegocio\CapaLogicaNegocio.csproj", "{D55113AD-D5AC-4046-9C0B-78B6125D937A}"
EndProject
Project("{FAE04EC0-301F-11D3-BF4B-00C04F79EFBC}") = "CapaAccesoDatos", "..\CapaAccesoDatos\CapaAccesoDatos.csproj", "{ADAF10D5-AFEA-4942-AEE1-B0938D79FF6E}"
EndProject
Project("{FAE04EC0-301F-11D3-BF4B-00C04F79EFBC}") = "CapaPresentacion", "..\CapaPresentacion\CapaPresentacion.csproj", "{28FF4E40-604D-4287-AB2F-0A6D1654C49A}"
EndProject
Global
	GlobalSection(SolutionConfigurationPlatforms) = preSolution
		Debug|Any CPU = Debug|Any CPU
		Release|Any CPU = Release|Any CPU
	EndGlobalSection
	GlobalSection(ProjectConfigurationPlatforms) = postSolution
		{6C3B1068-694B-4EFC-93BE-82496F782755}.Debug|Any CPU.ActiveCfg = Debug|Any CPU
		{6C3B1068-694B-4EFC-93BE-82496F782755}.Debug|Any CPU.Build.0 = Debug|Any CPU
		{6C3B1068-694B-4EFC-93BE-82496F782755}.Release|Any CPU.ActiveCfg = Release|Any CPU
		{6C3B1068-694B-4EFC-93BE-82496F782755}.Release|Any CPU.Build.0 = Release|Any CPU
		{D55113AD-D5AC-4046-9C0B-78B6125D937A}.Debug|Any CPU.ActiveCfg = Debug|Any CPU
		{D55113AD-D5AC-4046-9C0B-78B6125D937A}.Debug|Any CPU.Build.0 = Debug|Any CPU
		{D55113AD-D5AC-4046-9C0B-78B6125D937A}.Release|Any CPU.ActiveCfg = Release|Any CPU
		{D55113AD-D5AC-4046-9C0B-78B6125D937A}.Release|Any CPU.Build.0 = Release|Any CPU
		{ADAF10D5-AFEA-4942-AEE1-B0938D79FF6E}.Debug|Any CPU.ActiveCfg = Debug|Any CPU
		{ADAF10D5-AFEA-4942-AEE1-B0938D79FF6E}.Debug|Any CPU.Build.0 = Debug|Any CPU
		{ADAF10D5-AFEA-4942-AEE1-B0938D79FF6E}.Release|Any CPU.ActiveCfg = Release|Any CPU
		{ADAF10D5-AFEA-4942-AEE1-B0938D79FF6E}.Release|Any CPU.Build.0 = Release|Any CPU
		{28FF4E40-604D-4287-AB2F-0A6D1654C49A}.Debug|Any CPU.ActiveCfg = Debug|Any CPU
		{28FF4E40-604D-4287-AB2F-0A6D1654C49A}.Debug|Any CPU.Build.0 = Debug|Any CPU
		{28FF4E40-604D-4287-AB2F-0A6D1654C49A}.Release|Any CPU.ActiveCfg = Release|Any CPU
		{28FF4E40-604D-4287-AB2F-0A6D1654C49A}.Release|Any CPU.Build.0 = Release|Any CPU
	EndGlobalSection
	GlobalSection(SolutionProperties) = preSolution
		HideSolutionNode = FALSE
	EndGlobalSection
	GlobalSection(ExtensibilityGlobals) = postSolution
		SolutionGuid = {1EF6A8ED-38CA-4CE8-BD8B-662465E353CF}
	EndGlobalSection
EndGlobal
